// !$*UTF8*$!
{
	archiveVersion = 1;
	classes = {
	};
	objectVersion = 55;
	objects = {

/* Begin PBXBuildFile section */
		8556E94E27C47D15008CC270 /* AppDelegate.swift in Sources */ = {isa = PBXBuildFile; fileRef = 8556E94D27C47D15008CC270 /* AppDelegate.swift */; };
		8556E95027C47D15008CC270 /* SceneDelegate.swift in Sources */ = {isa = PBXBuildFile; fileRef = 8556E94F27C47D15008CC270 /* SceneDelegate.swift */; };
		8556E95227C47D15008CC270 /* ViewController.swift in Sources */ = {isa = PBXBuildFile; fileRef = 8556E95127C47D15008CC270 /* ViewController.swift */; };
		8556E95527C47D15008CC270 /* Main.storyboard in Resources */ = {isa = PBXBuildFile; fileRef = 8556E95327C47D15008CC270 /* Main.storyboard */; };
		8556E95827C47D15008CC270 /* TableTwo.xcdatamodeld in Sources */ = {isa = PBXBuildFile; fileRef = 8556E95627C47D15008CC270 /* TableTwo.xcdatamodeld */; };
		8556E95A27C47D17008CC270 /* Assets.xcassets in Resources */ = {isa = PBXBuildFile; fileRef = 8556E95927C47D17008CC270 /* Assets.xcassets */; };
		8556E95D27C47D17008CC270 /* LaunchScreen.storyboard in Resources */ = {isa = PBXBuildFile; fileRef = 8556E95B27C47D17008CC270 /* LaunchScreen.storyboard */; };
		8556E96827C47D17008CC270 /* TableTwoTests.swift in Sources */ = {isa = PBXBuildFile; fileRef = 8556E96727C47D17008CC270 /* TableTwoTests.swift */; };
		8556E97227C47D17008CC270 /* TableTwoUITests.swift in Sources */ = {isa = PBXBuildFile; fileRef = 8556E97127C47D17008CC270 /* TableTwoUITests.swift */; };
		8556E97427C47D17008CC270 /* TableTwoUITestsLaunchTests.swift in Sources */ = {isa = PBXBuildFile; fileRef = 8556E97327C47D17008CC270 /* TableTwoUITestsLaunchTests.swift */; };
		8556E98127C4AF60008CC270 /* DataModel.swift in Sources */ = {isa = PBXBuildFile; fileRef = 8556E98027C4AF60008CC270 /* DataModel.swift */; };
		8556E98327C4AF93008CC270 /* TitleCell.swift in Sources */ = {isa = PBXBuildFile; fileRef = 8556E98227C4AF93008CC270 /* TitleCell.swift */; };
		8556E98527C4AFC0008CC270 /* ContentCell.swift in Sources */ = {isa = PBXBuildFile; fileRef = 8556E98427C4AFC0008CC270 /* ContentCell.swift */; };
		8556E98727C4B0CA008CC270 /* MyInterface.swift in Sources */ = {isa = PBXBuildFile; fileRef = 8556E98627C4B0CA008CC270 /* MyInterface.swift */; };
/* End PBXBuildFile section */

/* Begin PBXContainerItemProxy section */
		8556E96427C47D17008CC270 /* PBXContainerItemProxy */ = {
			isa = PBXContainerItemProxy;
			containerPortal = 8556E94227C47D15008CC270 /* Project object */;
			proxyType = 1;
			remoteGlobalIDString = 8556E94927C47D15008CC270;
			remoteInfo = TableTwo;
		};
		8556E96E27C47D17008CC270 /* PBXContainerItemProxy */ = {
			isa = PBXContainerItemProxy;
			containerPortal = 8556E94227C47D15008CC270 /* Project object */;
			proxyType = 1;
			remoteGlobalIDString = 8556E94927C47D15008CC270;
			remoteInfo = TableTwo;
		};
/* End PBXContainerItemProxy section */

/* Begin PBXFileReference section */
		8556E94A27C47D15008CC270 /* TableTwo.app */ = {isa = PBXFileReference; explicitFileType = wrapper.application; includeInIndex = 0; path = TableTwo.app; sourceTree = BUILT_PRODUCTS_DIR; };
		8556E94D27C47D15008CC270 /* AppDelegate.swift */ = {isa = PBXFileReference; lastKnownFileType = sourcecode.swift; path = AppDelegate.swift; sourceTree = "<group>"; };
		8556E94F27C47D15008CC270 /* SceneDelegate.swift */ = {isa = PBXFileReference; lastKnownFileType = sourcecode.swift; path = SceneDelegate.swift; sourceTree = "<group>"; };
		8556E95127C47D15008CC270 /* ViewController.swift */ = {isa = PBXFileReference; lastKnownFileType = sourcecode.swift; path = ViewController.swift; sourceTree = "<group>"; };
		8556E95427C47D15008CC270 /* Base */ = {isa = PBXFileReference; lastKnownFileType = file.storyboard; name = Base; path = Base.lproj/Main.storyboard; sourceTree = "<group>"; };
		8556E95727C47D15008CC270 /* TableTwo.xcdatamodel */ = {isa = PBXFileReference; lastKnownFileType = wrapper.xcdatamodel; path = TableTwo.xcdatamodel; sourceTree = "<group>"; };
		8556E95927C47D17008CC270 /* Assets.xcassets */ = {isa = PBXFileReference; lastKnownFileType = folder.assetcatalog; path = Assets.xcassets; sourceTree = "<group>"; };
		8556E95C27C47D17008CC270 /* Base */ = {isa = PBXFileReference; lastKnownFileType = file.storyboard; name = Base; path = Base.lproj/LaunchScreen.storyboard; sourceTree = "<group>"; };
		8556E95E27C47D17008CC270 /* Info.plist */ = {isa = PBXFileReference; lastKnownFileType = text.plist.xml; path = Info.plist; sourceTree = "<group>"; };
		8556E96327C47D17008CC270 /* TableTwoTests.xctest */ = {isa = PBXFileReference; explicitFileType = wrapper.cfbundle; includeInIndex = 0; path = TableTwoTests.xctest; sourceTree = BUILT_PRODUCTS_DIR; };
		8556E96727C47D17008CC270 /* TableTwoTests.swift */ = {isa = PBXFileReference; lastKnownFileType = sourcecode.swift; path = TableTwoTests.swift; sourceTree = "<group>"; };
		8556E96D27C47D17008CC270 /* TableTwoUITests.xctest */ = {isa = PBXFileReference; explicitFileType = wrapper.cfbundle; includeInIndex = 0; path = TableTwoUITests.xctest; sourceTree = BUILT_PRODUCTS_DIR; };
		8556E97127C47D17008CC270 /* TableTwoUITests.swift */ = {isa = PBXFileReference; lastKnownFileType = sourcecode.swift; path = TableTwoUITests.swift; sourceTree = "<group>"; };
		8556E97327C47D17008CC270 /* TableTwoUITestsLaunchTests.swift */ = {isa = PBXFileReference; lastKnownFileType = sourcecode.swift; path = TableTwoUITestsLaunchTests.swift; sourceTree = "<group>"; };
		8556E98027C4AF60008CC270 /* DataModel.swift */ = {isa = PBXFileReference; lastKnownFileType = sourcecode.swift; path = DataModel.swift; sourceTree = "<group>"; };
		8556E98227C4AF93008CC270 /* TitleCell.swift */ = {isa = PBXFileReference; lastKnownFileType = sourcecode.swift; path = TitleCell.swift; sourceTree = "<group>"; };
		8556E98427C4AFC0008CC270 /* ContentCell.swift */ = {isa = PBXFileReference; lastKnownFileType = sourcecode.swift; path = ContentCell.swift; sourceTree = "<group>"; };
		8556E98627C4B0CA008CC270 /* MyInterface.swift */ = {isa = PBXFileReference; lastKnownFileType = sourcecode.swift; path = MyInterface.swift; sourceTree = "<group>"; };
/* End PBXFileReference section */

/* Begin PBXFrameworksBuildPhase section */
		8556E94727C47D15008CC270 /* Frameworks */ = {
			isa = PBXFrameworksBuildPhase;
			buildActionMask = 2147483647;
			files = (
			);
			runOnlyForDeploymentPostprocessing = 0;
		};
		8556E96027C47D17008CC270 /* Frameworks */ = {
			isa = PBXFrameworksBuildPhase;
			buildActionMask = 2147483647;
			files = (
			);
			runOnlyForDeploymentPostprocessing = 0;
		};
		8556E96A27C47D17008CC270 /* Frameworks */ = {
			isa = PBXFrameworksBuildPhase;
			buildActionMask = 2147483647;
			files = (
			);
			runOnlyForDeploymentPostprocessing = 0;
		};
/* End PBXFrameworksBuildPhase section */

/* Begin PBXGroup section */
		8556E94127C47D15008CC270 = {
			isa = PBXGroup;
			children = (
				8556E94C27C47D15008CC270 /* TableTwo */,
				8556E96627C47D17008CC270 /* TableTwoTests */,
				8556E97027C47D17008CC270 /* TableTwoUITests */,
				8556E94B27C47D15008CC270 /* Products */,
			);
			sourceTree = "<group>";
		};
		8556E94B27C47D15008CC270 /* Products */ = {
			isa = PBXGroup;
			children = (
				8556E94A27C47D15008CC270 /* TableTwo.app */,
				8556E96327C47D17008CC270 /* TableTwoTests.xctest */,
				8556E96D27C47D17008CC270 /* TableTwoUITests.xctest */,
			);
			name = Products;
			sourceTree = "<group>";
		};
		8556E94C27C47D15008CC270 /* TableTwo */ = {
			isa = PBXGroup;
			children = (
				8556E98027C4AF60008CC270 /* DataModel.swift */,
				8556E98227C4AF93008CC270 /* TitleCell.swift */,
				8556E98427C4AFC0008CC270 /* ContentCell.swift */,
				8556E98627C4B0CA008CC270 /* MyInterface.swift */,
				8556E94D27C47D15008CC270 /* AppDelegate.swift */,
				8556E94F27C47D15008CC270 /* SceneDelegate.swift */,
				8556E95127C47D15008CC270 /* ViewController.swift */,
				8556E95327C47D15008CC270 /* Main.storyboard */,
				8556E95927C47D17008CC270 /* Assets.xcassets */,
				8556E95B27C47D17008CC270 /* LaunchScreen.storyboard */,
				8556E95E27C47D17008CC270 /* Info.plist */,
				8556E95627C47D15008CC270 /* TableTwo.xcdatamodeld */,
			);
			path = TableTwo;
			sourceTree = "<group>";
		};
		8556E96627C47D17008CC270 /* TableTwoTests */ = {
			isa = PBXGroup;
			children = (
				8556E96727C47D17008CC270 /* TableTwoTests.swift */,
			);
			path = TableTwoTests;
			sourceTree = "<group>";
		};
		8556E97027C47D17008CC270 /* TableTwoUITests */ = {
			isa = PBXGroup;
			children = (
				8556E97127C47D17008CC270 /* TableTwoUITests.swift */,
				8556E97327C47D17008CC270 /* TableTwoUITestsLaunchTests.swift */,
			);
			path = TableTwoUITests;
			sourceTree = "<group>";
		};
/* End PBXGroup section */

/* Begin PBXNativeTarget section */
		8556E94927C47D15008CC270 /* TableTwo */ = {
			isa = PBXNativeTarget;
			buildConfigurationList = 8556E97727C47D17008CC270 /* Build configuration list for PBXNativeTarget "TableTwo" */;
			buildPhases = (
				8556E94627C47D15008CC270 /* Sources */,
				8556E94727C47D15008CC270 /* Frameworks */,
				8556E94827C47D15008CC270 /* Resources */,
			);
			buildRules = (
			);
			dependencies = (
			);
			name = TableTwo;
			productName = TableTwo;
			productReference = 8556E94A27C47D15008CC270 /* TableTwo.app */;
			productType = "com.apple.product-type.application";
		};
		8556E96227C47D17008CC270 /* TableTwoTests */ = {
			isa = PBXNativeTarget;
			buildConfigurationList = 8556E97A27C47D17008CC270 /* Build configuration list for PBXNativeTarget "TableTwoTests" */;
			buildPhases = (
				8556E95F27C47D17008CC270 /* Sources */,
				8556E96027C47D17008CC270 /* Frameworks */,
				8556E96127C47D17008CC270 /* Resources */,
			);
			buildRules = (
			);
			dependencies = (
				8556E96527C47D17008CC270 /* PBXTargetDependency */,
			);
			name = TableTwoTests;
			productName = TableTwoTests;
			productReference = 8556E96327C47D17008CC270 /* TableTwoTests.xctest */;
			productType = "com.apple.product-type.bundle.unit-test";
		};
		8556E96C27C47D17008CC270 /* TableTwoUITests */ = {
			isa = PBXNativeTarget;
			buildConfigurationList = 8556E97D27C47D17008CC270 /* Build configuration list for PBXNativeTarget "TableTwoUITests" */;
			buildPhases = (
				8556E96927C47D17008CC270 /* Sources */,
				8556E96A27C47D17008CC270 /* Frameworks */,
				8556E96B27C47D17008CC270 /* Resources */,
			);
			buildRules = (
			);
			dependencies = (
				8556E96F27C47D17008CC270 /* PBXTargetDependency */,
			);
			name = TableTwoUITests;
			productName = TableTwoUITests;
			productReference = 8556E96D27C47D17008CC270 /* TableTwoUITests.xctest */;
			productType = "com.apple.product-type.bundle.ui-testing";
		};
/* End PBXNativeTarget section */

/* Begin PBXProject section */
		8556E94227C47D15008CC270 /* Project object */ = {
			isa = PBXProject;
			attributes = {
				BuildIndependentTargetsInParallel = 1;
				LastSwiftUpdateCheck = 1320;
				LastUpgradeCheck = 1320;
				TargetAttributes = {
					8556E94927C47D15008CC270 = {
						CreatedOnToolsVersion = 13.2.1;
					};
					8556E96227C47D17008CC270 = {
						CreatedOnToolsVersion = 13.2.1;
						TestTargetID = 8556E94927C47D15008CC270;
					};
					8556E96C27C47D17008CC270 = {
						CreatedOnToolsVersion = 13.2.1;
						TestTargetID = 8556E94927C47D15008CC270;
					};
				};
			};
			buildConfigurationList = 8556E94527C47D15008CC270 /* Build configuration list for PBXProject "TableTwo" */;
			compatibilityVersion = "Xcode 13.0";
			developmentRegion = en;
			hasScannedForEncodings = 0;
			knownRegions = (
				en,
				Base,
			);
			mainGroup = 8556E94127C47D15008CC270;
			productRefGroup = 8556E94B27C47D15008CC270 /* Products */;
			projectDirPath = "";
			projectRoot = "";
			targets = (
				8556E94927C47D15008CC270 /* TableTwo */,
				8556E96227C47D17008CC270 /* TableTwoTests */,
				8556E96C27C47D17008CC270 /* TableTwoUITests */,
			);
		};
/* End PBXProject section */

/* Begin PBXResourcesBuildPhase section */
		8556E94827C47D15008CC270 /* Resources */ = {
			isa = PBXResourcesBuildPhase;
			buildActionMask = 2147483647;
			files = (
				8556E95D27C47D17008CC270 /* LaunchScreen.storyboard in Resources */,
				8556E95A27C47D17008CC270 /* Assets.xcassets in Resources */,
				8556E95527C47D15008CC270 /* Main.storyboard in Resources */,
			);
			runOnlyForDeploymentPostprocessing = 0;
		};
		8556E96127C47D17008CC270 /* Resources */ = {
			isa = PBXResourcesBuildPhase;
			buildActionMask = 2147483647;
			files = (
			);
			runOnlyForDeploymentPostprocessing = 0;
		};
		8556E96B27C47D17008CC270 /* Resources */ = {
			isa = PBXResourcesBuildPhase;
			buildActionMask = 2147483647;
			files = (
			);
			runOnlyForDeploymentPostprocessing = 0;
		};
/* End PBXResourcesBuildPhase section */

/* Begin PBXSourcesBuildPhase section */
		8556E94627C47D15008CC270 /* Sources */ = {
			isa = PBXSourcesBuildPhase;
			buildActionMask = 2147483647;
			files = (
				8556E98327C4AF93008CC270 /* TitleCell.swift in Sources */,
				8556E98527C4AFC0008CC270 /* ContentCell.swift in Sources */,
				8556E98127C4AF60008CC270 /* DataModel.swift in Sources */,
				8556E98727C4B0CA008CC270 /* MyInterface.swift in Sources */,
				8556E95227C47D15008CC270 /* ViewController.swift in Sources */,
				8556E94E27C47D15008CC270 /* AppDelegate.swift in Sources */,
				8556E95027C47D15008CC270 /* SceneDelegate.swift in Sources */,
				8556E95827C47D15008CC270 /* TableTwo.xcdatamodeld in Sources */,
			);
			runOnlyForDeploymentPostprocessing = 0;
		};
		8556E95F27C47D17008CC270 /* Sources */ = {
			isa = PBXSourcesBuildPhase;
			buildActionMask = 2147483647;
			files = (
				8556E96827C47D17008CC270 /* TableTwoTests.swift in Sources */,
			);
			runOnlyForDeploymentPostprocessing = 0;
		};
		8556E96927C47D17008CC270 /* Sources */ = {
			isa = PBXSourcesBuildPhase;
			buildActionMask = 2147483647;
			files = (
				8556E97427C47D17008CC270 /* TableTwoUITestsLaunchTests.swift in Sources */,
				8556E97227C47D17008CC270 /* TableTwoUITests.swift in Sources */,
			);
			runOnlyForDeploymentPostprocessing = 0;
		};
/* End PBXSourcesBuildPhase section */

/* Begin PBXTargetDependency section */
		8556E96527C47D17008CC270 /* PBXTargetDependency */ = {
			isa = PBXTargetDependency;
			target = 8556E94927C47D15008CC270 /* TableTwo */;
			targetProxy = 8556E96427C47D17008CC270 /* PBXContainerItemProxy */;
		};
		8556E96F27C47D17008CC270 /* PBXTargetDependency */ = {
			isa = PBXTargetDependency;
			target = 8556E94927C47D15008CC270 /* TableTwo */;
			targetProxy = 8556E96E27C47D17008CC270 /* PBXContainerItemProxy */;
		};
/* End PBXTargetDependency section */

/* Begin PBXVariantGroup section */
		8556E95327C47D15008CC270 /* Main.storyboard */ = {
			isa = PBXVariantGroup;
			children = (
				8556E95427C47D15008CC270 /* Base */,
			);
			name = Main.storyboard;
			sourceTree = "<group>";
		};
		8556E95B27C47D17008CC270 /* LaunchScreen.storyboard */ = {
			isa = PBXVariantGroup;
			children = (
				8556E95C27C47D17008CC270 /* Base */,
			);
			name = LaunchScreen.storyboard;
			sourceTree = "<group>";
		};
/* End PBXVariantGroup section */

/* Begin XCBuildConfiguration section */
		8556E97527C47D17008CC270 /* Debug */ = {
			isa = XCBuildConfiguration;
			buildSettings = {
				ALWAYS_SEARCH_USER_PATHS = NO;
				CLANG_ANALYZER_NONNULL = YES;
				CLANG_ANALYZER_NUMBER_OBJECT_CONVERSION = YES_AGGRESSIVE;
				CLANG_CXX_LANGUAGE_STANDARD = "gnu++17";
				CLANG_CXX_LIBRARY = "libc++";
				CLANG_ENABLE_MODULES = YES;
				CLANG_ENABLE_OBJC_ARC = YES;
				CLANG_ENABLE_OBJC_WEAK = YES;
				CLANG_WARN_BLOCK_CAPTURE_AUTORELEASING = YES;
				CLANG_WARN_BOOL_CONVERSION = YES;
				CLANG_WARN_COMMA = YES;
				CLANG_WARN_CONSTANT_CONVERSION = YES;
				CLANG_WARN_DEPRECATED_OBJC_IMPLEMENTATIONS = YES;
				CLANG_WARN_DIRECT_OBJC_ISA_USAGE = YES_ERROR;
				CLANG_WARN_DOCUMENTATION_COMMENTS = YES;
				CLANG_WARN_EMPTY_BODY = YES;
				CLANG_WARN_ENUM_CONVERSION = YES;
				CLANG_WARN_INFINITE_RECURSION = YES;
				CLANG_WARN_INT_CONVERSION = YES;
				CLANG_WARN_NON_LITERAL_NULL_CONVERSION = YES;
				CLANG_WARN_OBJC_IMPLICIT_RETAIN_SELF = YES;
				CLANG_WARN_OBJC_LITERAL_CONVERSION = YES;
				CLANG_WARN_OBJC_ROOT_CLASS = YES_ERROR;
				CLANG_WARN_QUOTED_INCLUDE_IN_FRAMEWORK_HEADER = YES;
				CLANG_WARN_RANGE_LOOP_ANALYSIS = YES;
				CLANG_WARN_STRICT_PROTOTYPES = YES;
				CLANG_WARN_SUSPICIOUS_MOVE = YES;
				CLANG_WARN_UNGUARDED_AVAILABILITY = YES_AGGRESSIVE;
				CLANG_WARN_UNREACHABLE_CODE = YES;
				CLANG_WARN__DUPLICATE_METHOD_MATCH = YES;
				COPY_PHASE_STRIP = NO;
				DEBUG_INFORMATION_FORMAT = dwarf;
				ENABLE_STRICT_OBJC_MSGSEND = YES;
				ENABLE_TESTABILITY = YES;
				GCC_C_LANGUAGE_STANDARD = gnu11;
				GCC_DYNAMIC_NO_PIC = NO;
				GCC_NO_COMMON_BLOCKS = YES;
				GCC_OPTIMIZATION_LEVEL = 0;
				GCC_PREPROCESSOR_DEFINITIONS = (
					"DEBUG=1",
					"$(inherited)",
				);
				GCC_WARN_64_TO_32_BIT_CONVERSION = YES;
				GCC_WARN_ABOUT_RETURN_TYPE = YES_ERROR;
				GCC_WARN_UNDECLARED_SELECTOR = YES;
				GCC_WARN_UNINITIALIZED_AUTOS = YES_AGGRESSIVE;
				GCC_WARN_UNUSED_FUNCTION = YES;
				GCC_WARN_UNUSED_VARIABLE = YES;
				IPHONEOS_DEPLOYMENT_TARGET = 15.2;
				MTL_ENABLE_DEBUG_INFO = INCLUDE_SOURCE;
				MTL_FAST_MATH = YES;
				ONLY_ACTIVE_ARCH = YES;
				SDKROOT = iphoneos;
				SWIFT_ACTIVE_COMPILATION_CONDITIONS = DEBUG;
				SWIFT_OPTIMIZATION_LEVEL = "-Onone";
			};
			name = Debug;
		};
		8556E97627C47D17008CC270 /* Release */ = {
			isa = XCBuildConfiguration;
			buildSettings = {
				ALWAYS_SEARCH_USER_PATHS = NO;
				CLANG_ANALYZER_NONNULL = YES;
				CLANG_ANALYZER_NUMBER_OBJECT_CONVERSION = YES_AGGRESSIVE;
				CLANG_CXX_LANGUAGE_STANDARD = "gnu++17";
				CLANG_CXX_LIBRARY = "libc++";
				CLANG_ENABLE_MODULES = YES;
				CLANG_ENABLE_OBJC_ARC = YES;
				CLANG_ENABLE_OBJC_WEAK = YES;
				CLANG_WARN_BLOCK_CAPTURE_AUTORELEASING = YES;
				CLANG_WARN_BOOL_CONVERSION = YES;
				CLANG_WARN_COMMA = YES;
				CLANG_WARN_CONSTANT_CONVERSION = YES;
				CLANG_WARN_DEPRECATED_OBJC_IMPLEMENTATIONS = YES;
				CLANG_WARN_DIRECT_OBJC_ISA_USAGE = YES_ERROR;
				CLANG_WARN_DOCUMENTATION_COMMENTS = YES;
				CLANG_WARN_EMPTY_BODY = YES;
				CLANG_WARN_ENUM_CONVERSION = YES;
				CLANG_WARN_INFINITE_RECURSION = YES;
				CLANG_WARN_INT_CONVERSION = YES;
				CLANG_WARN_NON_LITERAL_NULL_CONVERSION = YES;
				CLANG_WARN_OBJC_IMPLICIT_RETAIN_SELF = YES;
				CLANG_WARN_OBJC_LITERAL_CONVERSION = YES;
				CLANG_WARN_OBJC_ROOT_CLASS = YES_ERROR;
				CLANG_WARN_QUOTED_INCLUDE_IN_FRAMEWORK_HEADER = YES;
				CLANG_WARN_RANGE_LOOP_ANALYSIS = YES;
				CLANG_WARN_STRICT_PROTOTYPES = YES;
				CLANG_WARN_SUSPICIOUS_MOVE = YES;
				CLANG_WARN_UNGUARDED_AVAILABILITY = YES_AGGRESSIVE;
				CLANG_WARN_UNREACHABLE_CODE = YES;
				CLANG_WARN__DUPLICATE_METHOD_MATCH = YES;
				COPY_PHASE_STRIP = NO;
				DEBUG_INFORMATION_FORMAT = "dwarf-with-dsym";
				ENABLE_NS_ASSERTIONS = NO;
				ENABLE_STRICT_OBJC_MSGSEND = YES;
				GCC_C_LANGUAGE_STANDARD = gnu11;
				GCC_NO_COMMON_BLOCKS = YES;
				GCC_WARN_64_TO_32_BIT_CONVERSION = YES;
				GCC_WARN_ABOUT_RETURN_TYPE = YES_ERROR;
				GCC_WARN_UNDECLARED_SELECTOR = YES;
				GCC_WARN_UNINITIALIZED_AUTOS = YES_AGGRESSIVE;
				GCC_WARN_UNUSED_FUNCTION = YES;
				GCC_WARN_UNUSED_VARIABLE = YES;
				IPHONEOS_DEPLOYMENT_TARGET = 15.2;
				MTL_ENABLE_DEBUG_INFO = NO;
				MTL_FAST_MATH = YES;
				SDKROOT = iphoneos;
				SWIFT_COMPILATION_MODE = wholemodule;
				SWIFT_OPTIMIZATION_LEVEL = "-O";
				VALIDATE_PRODUCT = YES;
			};
			name = Release;
		};
		8556E97827C47D17008CC270 /* Debug */ = {
			isa = XCBuildConfiguration;
			buildSettings = {
				ASSETCATALOG_COMPILER_APPICON_NAME = AppIcon;
				ASSETCATALOG_COMPILER_GLOBAL_ACCENT_COLOR_NAME = AccentColor;
				CODE_SIGN_STYLE = Automatic;
				CURRENT_PROJECT_VERSION = 1;
				GENERATE_INFOPLIST_FILE = YES;
				INFOPLIST_FILE = TableTwo/Info.plist;
				INFOPLIST_KEY_UIApplicationSupportsIndirectInputEvents = YES;
				INFOPLIST_KEY_UILaunchStoryboardName = LaunchScreen;
				INFOPLIST_KEY_UIMainStoryboardFile = Main;
				INFOPLIST_KEY_UISupportedInterfaceOrientations_iPad = "UIInterfaceOrientationPortrait UIInterfaceOrientationPortraitUpsideDown UIInterfaceOrientationLandscapeLeft UIInterfaceOrientationLandscapeRight";
				INFOPLIST_KEY_UISupportedInterfaceOrientations_iPhone = "UIInterfaceOrientationPortrait UIInterfaceOrientationLandscapeLeft UIInterfaceOrientationLandscapeRight";
				LD_RUNPATH_SEARCH_PATHS = (
					"$(inherited)",
					"@executable_path/Frameworks",
				);
				MARKETING_VERSION = 1.0;
				PRODUCT_BUNDLE_IDENTIFIER = com.iscopy.TableTwo;
				PRODUCT_NAME = "$(TARGET_NAME)";
				SWIFT_EMIT_LOC_STRINGS = YES;
				SWIFT_VERSION = 5.0;
				TARGETED_DEVICE_FAMILY = "1,2";
			};
			name = Debug;
		};
		8556E97927C47D17008CC270 /* Release */ = {
			isa = XCBuildConfiguration;
			buildSettings = {
				ASSETCATALOG_COMPILER_APPICON_NAME = AppIcon;
				ASSETCATALOG_COMPILER_GLOBAL_ACCENT_COLOR_NAME = AccentColor;
				CODE_SIGN_STYLE = Automatic;
				CURRENT_PROJECT_VERSION = 1;
				GENERATE_INFOPLIST_FILE = YES;
				INFOPLIST_FILE = TableTwo/Info.plist;
				INFOPLIST_KEY_UIApplicationSupportsIndirectInputEvents = YES;
				INFOPLIST_KEY_UILaunchStoryboardName = LaunchScreen;
				INFOPLIST_KEY_UIMainStoryboardFile = Main;
				INFOPLIST_KEY_UISupportedInterfaceOrientations_iPad = "UIInterfaceOrientationPortrait UIInterfaceOrientationPortraitUpsideDown UIInterfaceOrientationLandscapeLeft UIInterfaceOrientationLandscapeRight";
				INFOPLIST_KEY_UISupportedInterfaceOrientations_iPhone = "UIInterfaceOrientationPortrait UIInterfaceOrientationLandscapeLeft UIInterfaceOrientationLandscapeRight";
				LD_RUNPATH_SEARCH_PATHS = (
					"$(inherited)",
					"@executable_path/Frameworks",
				);
				MARKETING_VERSION = 1.0;
				PRODUCT_BUNDLE_IDENTIFIER = com.iscopy.TableTwo;
				PRODUCT_NAME = "$(TARGET_NAME)";
				SWIFT_EMIT_LOC_STRINGS = YES;
				SWIFT_VERSION = 5.0;
				TARGETED_DEVICE_FAMILY = "1,2";
			};
			name = Release;
		};
		8556E97B27C47D17008CC270 /* Debug */ = {
			isa = XCBuildConfiguration;
			buildSettings = {
				ALWAYS_EMBED_SWIFT_STANDARD_LIBRARIES = YES;
				BUNDLE_LOADER = "$(TEST_HOST)";
				CODE_SIGN_STYLE = Automatic;
				CURRENT_PROJECT_VERSION = 1;
				GENERATE_INFOPLIST_FILE = YES;
				IPHONEOS_DEPLOYMENT_TARGET = 15.2;
				MARKETING_VERSION = 1.0;
				PRODUCT_BUNDLE_IDENTIFIER = com.iscopy.TableTwoTests;
				PRODUCT_NAME = "$(TARGET_NAME)";
				SWIFT_EMIT_LOC_STRINGS = NO;
				SWIFT_VERSION = 5.0;
				TARGETED_DEVICE_FAMILY = "1,2";
				TEST_HOST = "$(BUILT_PRODUCTS_DIR)/TableTwo.app/TableTwo";
			};
			name = Debug;
		};
		8556E97C27C47D17008CC270 /* Release */ = {
			isa = XCBuildConfiguration;
			buildSettings = {
				ALWAYS_EMBED_SWIFT_STANDARD_LIBRARIES = YES;
				BUNDLE_LOADER = "$(TEST_HOST)";
				CODE_SIGN_STYLE = Automatic;
				CURRENT_PROJECT_VERSION = 1;
				GENERATE_INFOPLIST_FILE = YES;
				IPHONEOS_DEPLOYMENT_TARGET = 15.2;
				MARKETING_VERSION = 1.0;
				PRODUCT_BUNDLE_IDENTIFIER = com.iscopy.TableTwoTests;
				PRODUCT_NAME = "$(TARGET_NAME)";
				SWIFT_EMIT_LOC_STRINGS = NO;
				SWIFT_VERSION = 5.0;
				TARGETED_DEVICE_FAMILY = "1,2";
				TEST_HOST = "$(BUILT_PRODUCTS_DIR)/TableTwo.app/TableTwo";
			};
			name = Release;
		};
		8556E97E27C47D17008CC270 /* Debug */ = {
			isa = XCBuildConfiguration;
			buildSettings = {
				ALWAYS_EMBED_SWIFT_STANDARD_LIBRARIES = YES;
				CODE_SIGN_STYLE = Automatic;
				CURRENT_PROJECT_VERSION = 1;
				GENERATE_INFOPLIST_FILE = YES;
				MARKETING_VERSION = 1.0;
				PRODUCT_BUNDLE_IDENTIFIER = com.iscopy.TableTwoUITests;
				PRODUCT_NAME = "$(TARGET_NAME)";
				SWIFT_EMIT_LOC_STRINGS = NO;
				SWIFT_VERSION = 5.0;
				TARGETED_DEVICE_FAMILY = "1,2";
				TEST_TARGET_NAME = TableTwo;
			};
			name = Debug;
		};
		8556E97F27C47D17008CC270 /* Release */ = {
			isa = XCBuildConfiguration;
			buildSettings = {
				ALWAYS_EMBED_SWIFT_STANDARD_LIBRARIES = YES;
				CODE_SIGN_STYLE = Automatic;
				CURRENT_PROJECT_VERSION = 1;
				GENERATE_INFOPLIST_FILE = YES;
				MARKETING_VERSION = 1.0;
				PRODUCT_BUNDLE_IDENTIFIER = com.iscopy.TableTwoUITests;
				PRODUCT_NAME = "$(TARGET_NAME)";
				SWIFT_EMIT_LOC_STRINGS = NO;
				SWIFT_VERSION = 5.0;
				TARGETED_DEVICE_FAMILY = "1,2";
				TEST_TARGET_NAME = TableTwo;
			};
			name = Release;
		};
/* End XCBuildConfiguration section */

/* Begin XCConfigurationList section */
		8556E94527C47D15008CC270 /* Build configuration list for PBXProject "TableTwo" */ = {
			isa = XCConfigurationList;
			buildConfigurations = (
				8556E97527C47D17008CC270 /* Debug */,
				8556E97627C47D17008CC270 /* Release */,
			);
			defaultConfigurationIsVisible = 0;
			defaultConfigurationName = Release;
		};
		8556E97727C47D17008CC270 /* Build configuration list for PBXNativeTarget "TableTwo" */ = {
			isa = XCConfigurationList;
			buildConfigurations = (
				8556E97827C47D17008CC270 /* Debug */,
				8556E97927C47D17008CC270 /* Release */,
			);
			defaultConfigurationIsVisible = 0;
			defaultConfigurationName = Release;
		};
		8556E97A27C47D17008CC270 /* Build configuration list for PBXNativeTarget "TableTwoTests" */ = {
			isa = XCConfigurationList;
			buildConfigurations = (
				8556E97B27C47D17008CC270 /* Debug */,
				8556E97C27C47D17008CC270 /* Release */,
			);
			defaultConfigurationIsVisible = 0;
			defaultConfigurationName = Release;
		};
		8556E97D27C47D17008CC270 /* Build configuration list for PBXNativeTarget "TableTwoUITests" */ = {
			isa = XCConfigurationList;
			buildConfigurations = (
				8556E97E27C47D17008CC270 /* Debug */,
				8556E97F27C47D17008CC270 /* Release */,
			);
			defaultConfigurationIsVisible = 0;
			defaultConfigurationName = Release;
		};
/* End XCConfigurationList section */

/* Begin XCVersionGroup section */
		8556E95627C47D15008CC270 /* TableTwo.xcdatamodeld */ = {
			isa = XCVersionGroup;
			children = (
				8556E95727C47D15008CC270 /* TableTwo.xcdatamodel */,
			);
			currentVersion = 8556E95727C47D15008CC270 /* TableTwo.xcdatamodel */;
			path = TableTwo.xcdatamodeld;
			sourceTree = "<group>";
			versionGroupType = wrapper.xcdatamodel;
		};
/* End XCVersionGroup section */
	};
	rootObject = 8556E94227C47D15008CC270 /* Project object */;
}
